
Microsoft Visual Studio Solution File, Format Version 12.00
# Visual Studio Version 17
VisualStudioVersion = 17.2.32505.173
MinimumVisualStudioVersion = 10.0.40219.1
Project("{FAE04EC0-301F-11D3-BF4B-00C04F79EFBC}") = "PokemonReviewAPI", "PokemonReviewAPI\PokemonReviewAPI.csproj", "{CEE40C3E-F51A-434B-B25F-2304E1FBF9A7}"
EndProject
Global
	GlobalSection(SolutionConfigurationPlatforms) = preSolution
		Debug|Any CPU = Debug|Any CPU
		Release|Any CPU = Release|Any CPU
	EndGlobalSection
	GlobalSection(ProjectConfigurationPlatforms) = postSolution
		{CEE40C3E-F51A-434B-B25F-2304E1FBF9A7}.Debug|Any CPU.ActiveCfg = Debug|Any CPU
		{CEE40C3E-F51A-434B-B25F-2304E1FBF9A7}.Debug|Any CPU.Build.0 = Debug|Any CPU
		{CEE40C3E-F51A-434B-B25F-2304E1FBF9A7}.Release|Any CPU.ActiveCfg = Release|Any CPU
		{CEE40C3E-F51A-434B-B25F-2304E1FBF9A7}.Release|Any CPU.Build.0 = Release|Any CPU
	EndGlobalSection
	GlobalSection(SolutionProperties) = preSolution
		HideSolutionNode = FALSE
	EndGlobalSection
	GlobalSection(ExtensibilityGlobals) = postSolution
		SolutionGuid = {CB98B3AB-87F6-44D6-8777-A41FA1B5C69B}
	EndGlobalSection
EndGlobal
